
Microsoft Visual Studio Solution File, Format Version 12.00
# Visual Studio Version 17
VisualStudioVersion = 17.11.35327.3
MinimumVisualStudioVersion = 10.0.40219.1
Project("{FAE04EC0-301F-11D3-BF4B-00C04F79EFBC}") = "WebPostgreSQL", "WebPostgreSQL\WebPostgreSQL.csproj", "{74AD36E6-3622-4508-B873-F4BDA644BFFE}"
EndProject
Global
	GlobalSection(SolutionConfigurationPlatforms) = preSolution
		Debug|Any CPU = Debug|Any CPU
		Release|Any CPU = Release|Any CPU
	EndGlobalSection
	GlobalSection(ProjectConfigurationPlatforms) = postSolution
		{74AD36E6-3622-4508-B873-F4BDA644BFFE}.Debug|Any CPU.ActiveCfg = Debug|Any CPU
		{74AD36E6-3622-4508-B873-F4BDA644BFFE}.Debug|Any CPU.Build.0 = Debug|Any CPU
		{74AD36E6-3622-4508-B873-F4BDA644BFFE}.Release|Any CPU.ActiveCfg = Release|Any CPU
		{74AD36E6-3622-4508-B873-F4BDA644BFFE}.Release|Any CPU.Build.0 = Release|Any CPU
	EndGlobalSection
	GlobalSection(SolutionProperties) = preSolution
		HideSolutionNode = FALSE
	EndGlobalSection
	GlobalSection(ExtensibilityGlobals) = postSolution
		SolutionGuid = {81DFEE41-0505-4F33-ACE4-3FB8631357D0}
	EndGlobalSection
EndGlobal
